
Microsoft Visual Studio Solution File, Format Version 12.00
# Visual Studio Version 17
VisualStudioVersion = 17.5.002.0
MinimumVisualStudioVersion = 10.0.40219.1
Project("{9A19103F-16F7-4668-BE54-9A1E7A4F7556}") = "Snake", "Snake.csproj", "{2D147776-ADA6-413F-B7AA-088EEC1E9634}"
EndProject
Global
	GlobalSection(SolutionConfigurationPlatforms) = preSolution
		Debug|Any CPU = Debug|Any CPU
		Release|Any CPU = Release|Any CPU
	EndGlobalSection
	GlobalSection(ProjectConfigurationPlatforms) = postSolution
		{2D147776-ADA6-413F-B7AA-088EEC1E9634}.Debug|Any CPU.ActiveCfg = Debug|Any CPU
		{2D147776-ADA6-413F-B7AA-088EEC1E9634}.Debug|Any CPU.Build.0 = Debug|Any CPU
		{2D147776-ADA6-413F-B7AA-088EEC1E9634}.Release|Any CPU.ActiveCfg = Release|Any CPU
		{2D147776-ADA6-413F-B7AA-088EEC1E9634}.Release|Any CPU.Build.0 = Release|Any CPU
	EndGlobalSection
	GlobalSection(SolutionProperties) = preSolution
		HideSolutionNode = FALSE
	EndGlobalSection
	GlobalSection(ExtensibilityGlobals) = postSolution
		SolutionGuid = {EBA3344D-41FE-4997-8B57-D7E85C773ADC}
	EndGlobalSection
EndGlobal
